
Microsoft Visual Studio Solution File, Format Version 12.00
# Visual Studio Version 16
VisualStudioVersion = 16.0.31911.196
MinimumVisualStudioVersion = 10.0.40219.1
Project("{FAE04EC0-301F-11D3-BF4B-00C04F79EFBC}") = "Yokogawa yahoo spam", "Yokogawa yahoo spam.csproj", "{CD1C5EF7-79EC-4DAC-9C41-A18C92275D3C}"
EndProject
Global
	GlobalSection(SolutionConfigurationPlatforms) = preSolution
		Debug|Any CPU = Debug|Any CPU
		Release|Any CPU = Release|Any CPU
	EndGlobalSection
	GlobalSection(ProjectConfigurationPlatforms) = postSolution
		{CD1C5EF7-79EC-4DAC-9C41-A18C92275D3C}.Debug|Any CPU.ActiveCfg = Debug|Any CPU
		{CD1C5EF7-79EC-4DAC-9C41-A18C92275D3C}.Debug|Any CPU.Build.0 = Debug|Any CPU
		{CD1C5EF7-79EC-4DAC-9C41-A18C92275D3C}.Release|Any CPU.ActiveCfg = Release|Any CPU
		{CD1C5EF7-79EC-4DAC-9C41-A18C92275D3C}.Release|Any CPU.Build.0 = Release|Any CPU
	EndGlobalSection
	GlobalSection(SolutionProperties) = preSolution
		HideSolutionNode = FALSE
	EndGlobalSection
	GlobalSection(ExtensibilityGlobals) = postSolution
		SolutionGuid = {CEECA1A8-633B-4749-B492-A6F31265795B}
	EndGlobalSection
EndGlobal
